
Microsoft Visual Studio Solution File, Format Version 12.00
# Visual Studio 15
VisualStudioVersion = 15.0.28307.329
MinimumVisualStudioVersion = 10.0.40219.1
Project("{8BC9CEB8-8B4A-11D0-8D11-00A0C91BC942}") = "string cheese", "string cheese\string cheese.vcxproj", "{9963FE07-E27D-47D6-906A-354BD29A947F}"
EndProject
Global
	GlobalSection(SolutionConfigurationPlatforms) = preSolution
		Debug|x64 = Debug|x64
		Debug|x86 = Debug|x86
		Release|x64 = Release|x64
		Release|x86 = Release|x86
	EndGlobalSection
	GlobalSection(ProjectConfigurationPlatforms) = postSolution
		{9963FE07-E27D-47D6-906A-354BD29A947F}.Debug|x64.ActiveCfg = Debug|x64
		{9963FE07-E27D-47D6-906A-354BD29A947F}.Debug|x64.Build.0 = Debug|x64
		{9963FE07-E27D-47D6-906A-354BD29A947F}.Debug|x86.ActiveCfg = Debug|Win32
		{9963FE07-E27D-47D6-906A-354BD29A947F}.Debug|x86.Build.0 = Debug|Win32
		{9963FE07-E27D-47D6-906A-354BD29A947F}.Release|x64.ActiveCfg = Release|x64
		{9963FE07-E27D-47D6-906A-354BD29A947F}.Release|x64.Build.0 = Release|x64
		{9963FE07-E27D-47D6-906A-354BD29A947F}.Release|x86.ActiveCfg = Release|Win32
		{9963FE07-E27D-47D6-906A-354BD29A947F}.Release|x86.Build.0 = Release|Win32
	EndGlobalSection
	GlobalSection(SolutionProperties) = preSolution
		HideSolutionNode = FALSE
	EndGlobalSection
	GlobalSection(ExtensibilityGlobals) = postSolution
		SolutionGuid = {63E376D8-650F-41E4-A0A8-AF2790B4851A}
	EndGlobalSection
EndGlobal
