<?xml version="1.0" encoding="utf-8"?>
<Project ToolsVersion="4.0" xmlns="http://schemas.microsoft.com/developer/msbuild/2003">
  <ItemGroup>
    <Filter Include="Source Files">
      <UniqueIdentifier>{4FC737F1-C7A5-4376-A066-2A32D752A2FF}</UniqueIdentifier>
      <Extensions>cpp;c;cc;cxx;def;odl;idl;hpj;bat;asm;asmx</Extensions>
    </Filter>
    <Filter Include="Header Files">
      <UniqueIdentifier>{93995380-89BD-4b04-88EB-625FBE52EBFB}</UniqueIdentifier>
      <Extensions>h;hh;hpp;hxx;hm;inl;inc;ipp;xsd</Extensions>
    </Filter>
    <Filter Include="Resource Files">
      <UniqueIdentifier>{67DA6AB6-F800-4c08-8B7A-83BB121AAD01}</UniqueIdentifier>
      <Extensions>rc;ico;cur;bmp;dlg;rc2;rct;bin;rgs;gif;jpg;jpeg;jpe;resx;tiff;tif;png;wav;mfcribbon-ms</Extensions>
    </Filter>
  </ItemGroup>
  <ItemGroup>
    <ClCompile Include="ap_core.cpp">
      <Filter>Source Files</Filter>
    </ClCompile>
    <ClCompile Include="main.cpp">
      <Filter>Source Files</Filter>
    </ClCompile>
    <ClCompile Include="misc\hooks.cpp">
      <Filter>Source Files</Filter>
    </ClCompile>
    <ClCompile Include="misc\interfaces.cpp">
      <Filter>Source Files</Filter>
    </ClCompile>
    <ClCompile Include="misc\renderer.cpp">
      <Filter>Source Files</Filter>
    </ClCompile>
    <ClCompile Include="misc\utils.cpp">
      <Filter>Source Files</Filter>
    </ClCompile>
    <ClCompile Include="sdk\offsets.cpp">
      <Filter>Source Files</Filter>
    </ClCompile>
    <ClCompile Include="toenail\defines.cpp">
      <Filter>Source Files</Filter>
    </ClCompile>
    <ClCompile Include="toenail\input.cpp">
      <Filter>Source Files</Filter>
    </ClCompile>
    <ClCompile Include="toenail\menu.cpp">
      <Filter>Source Files</Filter>
    </ClCompile>
    <ClCompile Include="toenail\toenail.cpp">
      <Filter>Source Files</Filter>
    </ClCompile>
    <ClCompile Include="toenail\command.cpp">
      <Filter>Source Files</Filter>
    </ClCompile>
    <ClCompile Include="toenail\commands.cpp">
      <Filter>Source Files</Filter>
    </ClCompile>
    <ClCompile Include="features\backtrack.cpp">
      <Filter>Source Files</Filter>
    </ClCompile>
    <ClCompile Include="menu\menu.cc">
      <Filter>Source Files</Filter>
    </ClCompile>
  </ItemGroup>
  <ItemGroup>
    <ClInclude Include="ap_core.h">
      <Filter>Header Files</Filter>
    </ClInclude>
    <ClInclude Include="misc\color.h">
      <Filter>Header Files</Filter>
    </ClInclude>
    <ClInclude Include="misc\defines.h">
      <Filter>Header Files</Filter>
    </ClInclude>
    <ClInclude Include="misc\hooks.h">
      <Filter>Header Files</Filter>
    </ClInclude>
    <ClInclude Include="misc\interfaces.h">
      <Filter>Header Files</Filter>
    </ClInclude>
    <ClInclude Include="misc\matrix.h">
      <Filter>Header Files</Filter>
    </ClInclude>
    <ClInclude Include="misc\renderer.h">
      <Filter>Header Files</Filter>
    </ClInclude>
    <ClInclude Include="misc\utils.h">
      <Filter>Header Files</Filter>
    </ClInclude>
    <ClInclude Include="misc\vector.h">
      <Filter>Header Files</Filter>
    </ClInclude>
    <ClInclude Include="misc\vmt.h">
      <Filter>Header Files</Filter>
    </ClInclude>
    <ClInclude Include="sdk\c_animstate.h">
      <Filter>Header Files</Filter>
    </ClInclude>
    <ClInclude Include="sdk\c_base_entity.h">
      <Filter>Header Files</Filter>
    </ClInclude>
    <ClInclude Include="sdk\c_base_weapon.h">
      <Filter>Header Files</Filter>
    </ClInclude>
    <ClInclude Include="sdk\c_client.h">
      <Filter>Header Files</Filter>
    </ClInclude>
    <ClInclude Include="sdk\c_client_class.h">
      <Filter>Header Files</Filter>
    </ClInclude>
    <ClInclude Include="sdk\c_client_entity_list.h">
      <Filter>Header Files</Filter>
    </ClInclude>
    <ClInclude Include="sdk\c_client_mode.h">
      <Filter>Header Files</Filter>
    </ClInclude>
    <ClInclude Include="sdk\c_cvar.h">
      <Filter>Header Files</Filter>
    </ClInclude>
    <ClInclude Include="sdk\c_debug_overlay.h">
      <Filter>Header Files</Filter>
    </ClInclude>
    <ClInclude Include="sdk\c_engine.h">
      <Filter>Header Files</Filter>
    </ClInclude>
    <ClInclude Include="sdk\c_game_movement.h">
      <Filter>Header Files</Filter>
    </ClInclude>
    <ClInclude Include="sdk\c_globals.h">
      <Filter>Header Files</Filter>
    </ClInclude>
    <ClInclude Include="sdk\c_model_info.h">
      <Filter>Header Files</Filter>
    </ClInclude>
    <ClInclude Include="sdk\c_model_render.h">
      <Filter>Header Files</Filter>
    </ClInclude>
    <ClInclude Include="sdk\c_move_helper.h">
      <Filter>Header Files</Filter>
    </ClInclude>
    <ClInclude Include="sdk\c_panel.h">
      <Filter>Header Files</Filter>
    </ClInclude>
    <ClInclude Include="sdk\c_physics_props.h">
      <Filter>Header Files</Filter>
    </ClInclude>
    <ClInclude Include="sdk\c_player_info.h">
      <Filter>Header Files</Filter>
    </ClInclude>
    <ClInclude Include="sdk\c_prediction.h">
      <Filter>Header Files</Filter>
    </ClInclude>
    <ClInclude Include="sdk\c_surface.h">
      <Filter>Header Files</Filter>
    </ClInclude>
    <ClInclude Include="sdk\c_trace.h">
      <Filter>Header Files</Filter>
    </ClInclude>
    <ClInclude Include="sdk\c_user_cmd.h">
      <Filter>Header Files</Filter>
    </ClInclude>
    <ClInclude Include="sdk\c_view_setup.h">
      <Filter>Header Files</Filter>
    </ClInclude>
    <ClInclude Include="sdk\materials.h">
      <Filter>Header Files</Filter>
    </ClInclude>
    <ClInclude Include="sdk\offsets.h">
      <Filter>Header Files</Filter>
    </ClInclude>
    <ClInclude Include="sdk\recv_data.h">
      <Filter>Header Files</Filter>
    </ClInclude>
    <ClInclude Include="sdk\surface_data.h">
      <Filter>Header Files</Filter>
    </ClInclude>
    <ClInclude Include="toenail\commands.h">
      <Filter>Header Files</Filter>
    </ClInclude>
    <ClInclude Include="toenail\defines.h">
      <Filter>Header Files</Filter>
    </ClInclude>
    <ClInclude Include="toenail\input.h">
      <Filter>Header Files</Filter>
    </ClInclude>
    <ClInclude Include="toenail\menu.h">
      <Filter>Header Files</Filter>
    </ClInclude>
    <ClInclude Include="toenail\persistant_data.h">
      <Filter>Header Files</Filter>
    </ClInclude>
    <ClInclude Include="toenail\style.h">
      <Filter>Header Files</Filter>
    </ClInclude>
    <ClInclude Include="toenail\toenail.h">
      <Filter>Header Files</Filter>
    </ClInclude>
    <ClInclude Include="toenail\command.h">
      <Filter>Header Files</Filter>
    </ClInclude>
    <ClInclude Include="features\Movement.h">
      <Filter>Header Files</Filter>
    </ClInclude>
    <ClInclude Include="features\visuals.h">
      <Filter>Header Files</Filter>
    </ClInclude>
    <ClInclude Include="features\fakelag.h">
      <Filter>Header Files</Filter>
    </ClInclude>
    <ClInclude Include="features\backtrack.h">
      <Filter>Header Files</Filter>
    </ClInclude>
    <ClInclude Include="sdk\c_client_state.h">
      <Filter>Header Files</Filter>
    </ClInclude>
    <ClInclude Include="sdk\c_client_renderable.h">
      <Filter>Header Files</Filter>
    </ClInclude>
    <ClInclude Include="sdk\c_client_unknown.h">
      <Filter>Header Files</Filter>
    </ClInclude>
    <ClInclude Include="sdk\c_handle.h">
      <Filter>Header Files</Filter>
    </ClInclude>
    <ClInclude Include="sdk\c_client_networkable.h">
      <Filter>Header Files</Filter>
    </ClInclude>
    <ClInclude Include="sdk\c_client_thinkable.h">
      <Filter>Header Files</Filter>
    </ClInclude>
    <ClInclude Include="features\radar.h">
      <Filter>Header Files</Filter>
    </ClInclude>
    <ClInclude Include="sdk\c_net_channel.h">
      <Filter>Header Files</Filter>
    </ClInclude>
    <ClInclude Include="features\worldmodulation.h">
      <Filter>Header Files</Filter>
    </ClInclude>
    <ClInclude Include="features\antiaim.h">
      <Filter>Header Files</Filter>
    </ClInclude>
    <ClInclude Include="credits.hh">
      <Filter>Header Files</Filter>
    </ClInclude>
    <ClInclude Include="features\animationmango.h">
      <Filter>Header Files</Filter>
    </ClInclude>
    <ClInclude Include="misc\singleton.hh">
      <Filter>Header Files</Filter>
    </ClInclude>
    <ClInclude Include="menu\menu.h">
      <Filter>Header Files</Filter>
    </ClInclude>
  </ItemGroup>
</Project>